
Microsoft Visual Studio Solution File, Format Version 12.00
# Visual Studio 15
VisualStudioVersion = 15.0.28307.757
MinimumVisualStudioVersion = 10.0.40219.1
Project("{FAE04EC0-301F-11D3-BF4B-00C04F79EFBC}") = "ConsoleApp1", "ConsoleApp1\ConsoleApp1.csproj", "{DCBE56D9-99EB-4AA1-868C-2F2FC8913A59}"
EndProject
Global
	GlobalSection(SolutionConfigurationPlatforms) = preSolution
		Debug|Any CPU = Debug|Any CPU
		Release|Any CPU = Release|Any CPU
	EndGlobalSection
	GlobalSection(ProjectConfigurationPlatforms) = postSolution
		{DCBE56D9-99EB-4AA1-868C-2F2FC8913A59}.Debug|Any CPU.ActiveCfg = Debug|Any CPU
		{DCBE56D9-99EB-4AA1-868C-2F2FC8913A59}.Debug|Any CPU.Build.0 = Debug|Any CPU
		{DCBE56D9-99EB-4AA1-868C-2F2FC8913A59}.Release|Any CPU.ActiveCfg = Release|Any CPU
		{DCBE56D9-99EB-4AA1-868C-2F2FC8913A59}.Release|Any CPU.Build.0 = Release|Any CPU
	EndGlobalSection
	GlobalSection(SolutionProperties) = preSolution
		HideSolutionNode = FALSE
	EndGlobalSection
	GlobalSection(ExtensibilityGlobals) = postSolution
		SolutionGuid = {2EDE977E-F6B7-420B-8C76-AD507EEA1F84}
	EndGlobalSection
EndGlobal
